
Microsoft Visual Studio Solution File, Format Version 12.00
# Visual Studio Version 16
VisualStudioVersion = 16.0.36602.28
MinimumVisualStudioVersion = 10.0.40219.1
Project("{FAE04EC0-301F-11D3-BF4B-00C04F79EFBC}") = "Using IProgressT for Feedback", "Using IProgressT for Feedback\Using IProgressT for Feedback.csproj", "{57FE711C-A551-4D24-A34C-E7DED705EA7B}"
EndProject
Global
	GlobalSection(SolutionConfigurationPlatforms) = preSolution
		Debug|Any CPU = Debug|Any CPU
		Release|Any CPU = Release|Any CPU
	EndGlobalSection
	GlobalSection(ProjectConfigurationPlatforms) = postSolution
		{57FE711C-A551-4D24-A34C-E7DED705EA7B}.Debug|Any CPU.ActiveCfg = Debug|Any CPU
		{57FE711C-A551-4D24-A34C-E7DED705EA7B}.Debug|Any CPU.Build.0 = Debug|Any CPU
		{57FE711C-A551-4D24-A34C-E7DED705EA7B}.Release|Any CPU.ActiveCfg = Release|Any CPU
		{57FE711C-A551-4D24-A34C-E7DED705EA7B}.Release|Any CPU.Build.0 = Release|Any CPU
	EndGlobalSection
	GlobalSection(SolutionProperties) = preSolution
		HideSolutionNode = FALSE
	EndGlobalSection
	GlobalSection(ExtensibilityGlobals) = postSolution
		SolutionGuid = {DF1A88B9-0321-4067-9370-5F5FD5C31E76}
	EndGlobalSection
EndGlobal
